
Microsoft Visual Studio Solution File, Format Version 12.00
# Visual Studio Version 16
VisualStudioVersion = 16.0.30717.126
MinimumVisualStudioVersion = 10.0.40219.1
Project("{FAE04EC0-301F-11D3-BF4B-00C04F79EFBC}") = "sFlowLibrary", "sFlowLibrary.csproj", "{AC9DE350-0F79-4185-9AFF-E4B719F50521}"
EndProject
Global
	GlobalSection(SolutionConfigurationPlatforms) = preSolution
		Debug|Any CPU = Debug|Any CPU
		Release|Any CPU = Release|Any CPU
	EndGlobalSection
	GlobalSection(ProjectConfigurationPlatforms) = postSolution
		{AC9DE350-0F79-4185-9AFF-E4B719F50521}.Debug|Any CPU.ActiveCfg = Debug|Any CPU
		{AC9DE350-0F79-4185-9AFF-E4B719F50521}.Debug|Any CPU.Build.0 = Debug|Any CPU
		{AC9DE350-0F79-4185-9AFF-E4B719F50521}.Release|Any CPU.ActiveCfg = Release|Any CPU
		{AC9DE350-0F79-4185-9AFF-E4B719F50521}.Release|Any CPU.Build.0 = Release|Any CPU
	EndGlobalSection
	GlobalSection(SolutionProperties) = preSolution
		HideSolutionNode = FALSE
	EndGlobalSection
	GlobalSection(ExtensibilityGlobals) = postSolution
		SolutionGuid = {CE77233C-2D4B-4632-B4FB-EF4C665E9CD8}
	EndGlobalSection
EndGlobal
